// !$*UTF8*$!
{
	archiveVersion = 1;
	classes = {
	};
	objectVersion = 56;
	objects = {

/* Begin PBXBuildFile section */
		0EF1596FDF8F96F326186820 /* Pods_AppLinkExample.framework in Frameworks */ = {isa = PBXBuildFile; fileRef = C97AF2E2E39F5E2D9929A1D2 /* Pods_AppLinkExample.framework */; };
		B5DCD1272C5B81CF00CA5688 /* AppDelegate.swift in Sources */ = {isa = PBXBuildFile; fileRef = B5DCD1262C5B81CF00CA5688 /* AppDelegate.swift */; };
		B5DCD1292C5B81CF00CA5688 /* SceneDelegate.swift in Sources */ = {isa = PBXBuildFile; fileRef = B5DCD1282C5B81CF00CA5688 /* SceneDelegate.swift */; };
		B5DCD12B2C5B81CF00CA5688 /* ViewController.swift in Sources */ = {isa = PBXBuildFile; fileRef = B5DCD12A2C5B81CF00CA5688 /* ViewController.swift */; };
		B5DCD12E2C5B81CF00CA5688 /* Base in Resources */ = {isa = PBXBuildFile; fileRef = B5DCD12D2C5B81CF00CA5688 /* Base */; };
		B5DCD1302C5B81D100CA5688 /* Assets.xcassets in Resources */ = {isa = PBXBuildFile; fileRef = B5DCD12F2C5B81D100CA5688 /* Assets.xcassets */; };
		B5DCD1332C5B81D100CA5688 /* Base in Resources */ = {isa = PBXBuildFile; fileRef = B5DCD1322C5B81D100CA5688 /* Base */; };
/* End PBXBuildFile section */

/* Begin PBXFileReference section */
		338E066120ECCE8216D75A08 /* Pods-AppLinkExample.debug.xcconfig */ = {isa = PBXFileReference; includeInIndex = 1; lastKnownFileType = text.xcconfig; name = "Pods-AppLinkExample.debug.xcconfig"; path = "Target Support Files/Pods-AppLinkExample/Pods-AppLinkExample.debug.xcconfig"; sourceTree = "<group>"; };
		9BC941D293E7F68718DA8983 /* Pods-AppLinkExample.release.xcconfig */ = {isa = PBXFileReference; includeInIndex = 1; lastKnownFileType = text.xcconfig; name = "Pods-AppLinkExample.release.xcconfig"; path = "Target Support Files/Pods-AppLinkExample/Pods-AppLinkExample.release.xcconfig"; sourceTree = "<group>"; };
		B5DCD1232C5B81CF00CA5688 /* AppLinkExample.app */ = {isa = PBXFileReference; explicitFileType = wrapper.application; includeInIndex = 0; path = AppLinkExample.app; sourceTree = BUILT_PRODUCTS_DIR; };
		B5DCD1262C5B81CF00CA5688 /* AppDelegate.swift */ = {isa = PBXFileReference; lastKnownFileType = sourcecode.swift; path = AppDelegate.swift; sourceTree = "<group>"; };
		B5DCD1282C5B81CF00CA5688 /* SceneDelegate.swift */ = {isa = PBXFileReference; lastKnownFileType = sourcecode.swift; path = SceneDelegate.swift; sourceTree = "<group>"; };
		B5DCD12A2C5B81CF00CA5688 /* ViewController.swift */ = {isa = PBXFileReference; lastKnownFileType = sourcecode.swift; path = ViewController.swift; sourceTree = "<group>"; };
		B5DCD12D2C5B81CF00CA5688 /* Base */ = {isa = PBXFileReference; lastKnownFileType = file.storyboard; name = Base; path = Base.lproj/Main.storyboard; sourceTree = "<group>"; };
		B5DCD12F2C5B81D100CA5688 /* Assets.xcassets */ = {isa = PBXFileReference; lastKnownFileType = folder.assetcatalog; path = Assets.xcassets; sourceTree = "<group>"; };
		B5DCD1322C5B81D100CA5688 /* Base */ = {isa = PBXFileReference; lastKnownFileType = file.storyboard; name = Base; path = Base.lproj/LaunchScreen.storyboard; sourceTree = "<group>"; };
		B5DCD1342C5B81D100CA5688 /* Info.plist */ = {isa = PBXFileReference; lastKnownFileType = text.plist.xml; path = Info.plist; sourceTree = "<group>"; };
		C97AF2E2E39F5E2D9929A1D2 /* Pods_AppLinkExample.framework */ = {isa = PBXFileReference; explicitFileType = wrapper.framework; includeInIndex = 0; path = Pods_AppLinkExample.framework; sourceTree = BUILT_PRODUCTS_DIR; };
/* End PBXFileReference section */

/* Begin PBXFrameworksBuildPhase section */
		B5DCD1202C5B81CF00CA5688 /* Frameworks */ = {
			isa = PBXFrameworksBuildPhase;
			buildActionMask = 2147483647;
			files = (
				0EF1596FDF8F96F326186820 /* Pods_AppLinkExample.framework in Frameworks */,
			);
			runOnlyForDeploymentPostprocessing = 0;
		};
/* End PBXFrameworksBuildPhase section */

/* Begin PBXGroup section */
		6C12414651BF7FD316FB6D2A /* Frameworks */ = {
			isa = PBXGroup;
			children = (
				C97AF2E2E39F5E2D9929A1D2 /* Pods_AppLinkExample.framework */,
			);
			name = Frameworks;
			sourceTree = "<group>";
		};
		7CD1EEDA118E3E9C3BFB0A85 /* Pods */ = {
			isa = PBXGroup;
			children = (
				338E066120ECCE8216D75A08 /* Pods-AppLinkExample.debug.xcconfig */,
				9BC941D293E7F68718DA8983 /* Pods-AppLinkExample.release.xcconfig */,
			);
			path = Pods;
			sourceTree = "<group>";
		};
		B5DCD11A2C5B81CF00CA5688 = {
			isa = PBXGroup;
			children = (
				B5DCD1252C5B81CF00CA5688 /* AppLinkExample */,
				B5DCD1242C5B81CF00CA5688 /* Products */,
				7CD1EEDA118E3E9C3BFB0A85 /* Pods */,
				6C12414651BF7FD316FB6D2A /* Frameworks */,
			);
			sourceTree = "<group>";
		};
		B5DCD1242C5B81CF00CA5688 /* Products */ = {
			isa = PBXGroup;
			children = (
				B5DCD1232C5B81CF00CA5688 /* AppLinkExample.app */,
			);
			name = Products;
			sourceTree = "<group>";
		};
		B5DCD1252C5B81CF00CA5688 /* AppLinkExample */ = {
			isa = PBXGroup;
			children = (
				B5DCD1262C5B81CF00CA5688 /* AppDelegate.swift */,
				B5DCD1282C5B81CF00CA5688 /* SceneDelegate.swift */,
				B5DCD12A2C5B81CF00CA5688 /* ViewController.swift */,
				B5DCD12C2C5B81CF00CA5688 /* Main.storyboard */,
				B5DCD12F2C5B81D100CA5688 /* Assets.xcassets */,
				B5DCD1312C5B81D100CA5688 /* LaunchScreen.storyboard */,
				B5DCD1342C5B81D100CA5688 /* Info.plist */,
			);
			path = AppLinkExample;
			sourceTree = "<group>";
		};
/* End PBXGroup section */

/* Begin PBXNativeTarget section */
		B5DCD1222C5B81CF00CA5688 /* AppLinkExample */ = {
			isa = PBXNativeTarget;
			buildConfigurationList = B5DCD1372C5B81D100CA5688 /* Build configuration list for PBXNativeTarget "AppLinkExample" */;
			buildPhases = (
				FEC61DB6A5EA333E9B0770FC /* [CP] Check Pods Manifest.lock */,
				B5DCD11F2C5B81CF00CA5688 /* Sources */,
				B5DCD1202C5B81CF00CA5688 /* Frameworks */,
				B5DCD1212C5B81CF00CA5688 /* Resources */,
				78D0E058C5D47C36F29A7FD4 /* [CP] Embed Pods Frameworks */,
			);
			buildRules = (
			);
			dependencies = (
			);
			name = AppLinkExample;
			productName = AppLinkExample;
			productReference = B5DCD1232C5B81CF00CA5688 /* AppLinkExample.app */;
			productType = "com.apple.product-type.application";
		};
/* End PBXNativeTarget section */

/* Begin PBXProject section */
		B5DCD11B2C5B81CF00CA5688 /* Project object */ = {
			isa = PBXProject;
			attributes = {
				BuildIndependentTargetsInParallel = 1;
				LastSwiftUpdateCheck = 1540;
				LastUpgradeCheck = 1540;
				TargetAttributes = {
					B5DCD1222C5B81CF00CA5688 = {
						CreatedOnToolsVersion = 15.4;
					};
				};
			};
			buildConfigurationList = B5DCD11E2C5B81CF00CA5688 /* Build configuration list for PBXProject "AppLinkExample" */;
			compatibilityVersion = "Xcode 14.0";
			developmentRegion = en;
			hasScannedForEncodings = 0;
			knownRegions = (
				en,
				Base,
			);
			mainGroup = B5DCD11A2C5B81CF00CA5688;
			productRefGroup = B5DCD1242C5B81CF00CA5688 /* Products */;
			projectDirPath = "";
			projectRoot = "";
			targets = (
				B5DCD1222C5B81CF00CA5688 /* AppLinkExample */,
			);
		};
/* End PBXProject section */

/* Begin PBXResourcesBuildPhase section */
		B5DCD1212C5B81CF00CA5688 /* Resources */ = {
			isa = PBXResourcesBuildPhase;
			buildActionMask = 2147483647;
			files = (
				B5DCD1302C5B81D100CA5688 /* Assets.xcassets in Resources */,
				B5DCD1332C5B81D100CA5688 /* Base in Resources */,
				B5DCD12E2C5B81CF00CA5688 /* Base in Resources */,
			);
			runOnlyForDeploymentPostprocessing = 0;
		};
/* End PBXResourcesBuildPhase section */

/* Begin PBXShellScriptBuildPhase section */
		78D0E058C5D47C36F29A7FD4 /* [CP] Embed Pods Frameworks */ = {
			isa = PBXShellScriptBuildPhase;
			buildActionMask = 2147483647;
			files = (
			);
			inputFileListPaths = (
				"${PODS_ROOT}/Target Support Files/Pods-AppLinkExample/Pods-AppLinkExample-frameworks-${CONFIGURATION}-input-files.xcfilelist",
			);
			name = "[CP] Embed Pods Frameworks";
			outputFileListPaths = (
				"${PODS_ROOT}/Target Support Files/Pods-AppLinkExample/Pods-AppLinkExample-frameworks-${CONFIGURATION}-output-files.xcfilelist",
			);
			runOnlyForDeploymentPostprocessing = 0;
			shellPath = /bin/sh;
			shellScript = "\"${PODS_ROOT}/Target Support Files/Pods-AppLinkExample/Pods-AppLinkExample-frameworks.sh\"\n";
			showEnvVarsInLog = 0;
		};
		FEC61DB6A5EA333E9B0770FC /* [CP] Check Pods Manifest.lock */ = {
			isa = PBXShellScriptBuildPhase;
			buildActionMask = 2147483647;
			files = (
			);
			inputFileListPaths = (
			);
			inputPaths = (
				"${PODS_PODFILE_DIR_PATH}/Podfile.lock",
				"${PODS_ROOT}/Manifest.lock",
			);
			name = "[CP] Check Pods Manifest.lock";
			outputFileListPaths = (
			);
			outputPaths = (
				"$(DERIVED_FILE_DIR)/Pods-AppLinkExample-checkManifestLockResult.txt",
			);
			runOnlyForDeploymentPostprocessing = 0;
			shellPath = /bin/sh;
			shellScript = "diff \"${PODS_PODFILE_DIR_PATH}/Podfile.lock\" \"${PODS_ROOT}/Manifest.lock\" > /dev/null\nif [ $? != 0 ] ; then\n    # print error to STDERR\n    echo \"error: The sandbox is not in sync with the Podfile.lock. Run 'pod install' or update your CocoaPods installation.\" >&2\n    exit 1\nfi\n# This output is used by Xcode 'outputs' to avoid re-running this script phase.\necho \"SUCCESS\" > \"${SCRIPT_OUTPUT_FILE_0}\"\n";
			showEnvVarsInLog = 0;
		};
/* End PBXShellScriptBuildPhase section */

/* Begin PBXSourcesBuildPhase section */
		B5DCD11F2C5B81CF00CA5688 /* Sources */ = {
			isa = PBXSourcesBuildPhase;
			buildActionMask = 2147483647;
			files = (
				B5DCD12B2C5B81CF00CA5688 /* ViewController.swift in Sources */,
				B5DCD1272C5B81CF00CA5688 /* AppDelegate.swift in Sources */,
				B5DCD1292C5B81CF00CA5688 /* SceneDelegate.swift in Sources */,
			);
			runOnlyForDeploymentPostprocessing = 0;
		};
/* End PBXSourcesBuildPhase section */

/* Begin PBXVariantGroup section */
		B5DCD12C2C5B81CF00CA5688 /* Main.storyboard */ = {
			isa = PBXVariantGroup;
			children = (
				B5DCD12D2C5B81CF00CA5688 /* Base */,
			);
			name = Main.storyboard;
			sourceTree = "<group>";
		};
		B5DCD1312C5B81D100CA5688 /* LaunchScreen.storyboard */ = {
			isa = PBXVariantGroup;
			children = (
				B5DCD1322C5B81D100CA5688 /* Base */,
			);
			name = LaunchScreen.storyboard;
			sourceTree = "<group>";
		};
/* End PBXVariantGroup section */

/* Begin XCBuildConfiguration section */
		B5DCD1352C5B81D100CA5688 /* Debug */ = {
			isa = XCBuildConfiguration;
			buildSettings = {
				ALWAYS_SEARCH_USER_PATHS = NO;
				ASSETCATALOG_COMPILER_GENERATE_SWIFT_ASSET_SYMBOL_EXTENSIONS = YES;
				CLANG_ANALYZER_NONNULL = YES;
				CLANG_ANALYZER_NUMBER_OBJECT_CONVERSION = YES_AGGRESSIVE;
				CLANG_CXX_LANGUAGE_STANDARD = "gnu++20";
				CLANG_ENABLE_MODULES = YES;
				CLANG_ENABLE_OBJC_ARC = YES;
				CLANG_ENABLE_OBJC_WEAK = YES;
				CLANG_WARN_BLOCK_CAPTURE_AUTORELEASING = YES;
				CLANG_WARN_BOOL_CONVERSION = YES;
				CLANG_WARN_COMMA = YES;
				CLANG_WARN_CONSTANT_CONVERSION = YES;
				CLANG_WARN_DEPRECATED_OBJC_IMPLEMENTATIONS = YES;
				CLANG_WARN_DIRECT_OBJC_ISA_USAGE = YES_ERROR;
				CLANG_WARN_DOCUMENTATION_COMMENTS = YES;
				CLANG_WARN_EMPTY_BODY = YES;
				CLANG_WARN_ENUM_CONVERSION = YES;
				CLANG_WARN_INFINITE_RECURSION = YES;
				CLANG_WARN_INT_CONVERSION = YES;
				CLANG_WARN_NON_LITERAL_NULL_CONVERSION = YES;
				CLANG_WARN_OBJC_IMPLICIT_RETAIN_SELF = YES;
				CLANG_WARN_OBJC_LITERAL_CONVERSION = YES;
				CLANG_WARN_OBJC_ROOT_CLASS = YES_ERROR;
				CLANG_WARN_QUOTED_INCLUDE_IN_FRAMEWORK_HEADER = YES;
				CLANG_WARN_RANGE_LOOP_ANALYSIS = YES;
				CLANG_WARN_STRICT_PROTOTYPES = YES;
				CLANG_WARN_SUSPICIOUS_MOVE = YES;
				CLANG_WARN_UNGUARDED_AVAILABILITY = YES_AGGRESSIVE;
				CLANG_WARN_UNREACHABLE_CODE = YES;
				CLANG_WARN__DUPLICATE_METHOD_MATCH = YES;
				COPY_PHASE_STRIP = NO;
				DEBUG_INFORMATION_FORMAT = dwarf;
				ENABLE_STRICT_OBJC_MSGSEND = YES;
				ENABLE_TESTABILITY = YES;
				ENABLE_USER_SCRIPT_SANDBOXING = YES;
				GCC_C_LANGUAGE_STANDARD = gnu17;
				GCC_DYNAMIC_NO_PIC = NO;
				GCC_NO_COMMON_BLOCKS = YES;
				GCC_OPTIMIZATION_LEVEL = 0;
				GCC_PREPROCESSOR_DEFINITIONS = (
					"DEBUG=1",
					"$(inherited)",
				);
				GCC_WARN_64_TO_32_BIT_CONVERSION = YES;
				GCC_WARN_ABOUT_RETURN_TYPE = YES_ERROR;
				GCC_WARN_UNDECLARED_SELECTOR = YES;
				GCC_WARN_UNINITIALIZED_AUTOS = YES_AGGRESSIVE;
				GCC_WARN_UNUSED_FUNCTION = YES;
				GCC_WARN_UNUSED_VARIABLE = YES;
				IPHONEOS_DEPLOYMENT_TARGET = 13.0;
				LOCALIZATION_PREFERS_STRING_CATALOGS = YES;
				MTL_ENABLE_DEBUG_INFO = INCLUDE_SOURCE;
				MTL_FAST_MATH = YES;
				ONLY_ACTIVE_ARCH = YES;
				SDKROOT = iphoneos;
				SWIFT_ACTIVE_COMPILATION_CONDITIONS = "DEBUG $(inherited)";
				SWIFT_OPTIMIZATION_LEVEL = "-Onone";
			};
			name = Debug;
		};
		B5DCD1362C5B81D100CA5688 /* Release */ = {
			isa = XCBuildConfiguration;
			buildSettings = {
				ALWAYS_SEARCH_USER_PATHS = NO;
				ASSETCATALOG_COMPILER_GENERATE_SWIFT_ASSET_SYMBOL_EXTENSIONS = YES;
				CLANG_ANALYZER_NONNULL = YES;
				CLANG_ANALYZER_NUMBER_OBJECT_CONVERSION = YES_AGGRESSIVE;
				CLANG_CXX_LANGUAGE_STANDARD = "gnu++20";
				CLANG_ENABLE_MODULES = YES;
				CLANG_ENABLE_OBJC_ARC = YES;
				CLANG_ENABLE_OBJC_WEAK = YES;
				CLANG_WARN_BLOCK_CAPTURE_AUTORELEASING = YES;
				CLANG_WARN_BOOL_CONVERSION = YES;
				CLANG_WARN_COMMA = YES;
				CLANG_WARN_CONSTANT_CONVERSION = YES;
				CLANG_WARN_DEPRECATED_OBJC_IMPLEMENTATIONS = YES;
				CLANG_WARN_DIRECT_OBJC_ISA_USAGE = YES_ERROR;
				CLANG_WARN_DOCUMENTATION_COMMENTS = YES;
				CLANG_WARN_EMPTY_BODY = YES;
				CLANG_WARN_ENUM_CONVERSION = YES;
				CLANG_WARN_INFINITE_RECURSION = YES;
				CLANG_WARN_INT_CONVERSION = YES;
				CLANG_WARN_NON_LITERAL_NULL_CONVERSION = YES;
				CLANG_WARN_OBJC_IMPLICIT_RETAIN_SELF = YES;
				CLANG_WARN_OBJC_LITERAL_CONVERSION = YES;
				CLANG_WARN_OBJC_ROOT_CLASS = YES_ERROR;
				CLANG_WARN_QUOTED_INCLUDE_IN_FRAMEWORK_HEADER = YES;
				CLANG_WARN_RANGE_LOOP_ANALYSIS = YES;
				CLANG_WARN_STRICT_PROTOTYPES = YES;
				CLANG_WARN_SUSPICIOUS_MOVE = YES;
				CLANG_WARN_UNGUARDED_AVAILABILITY = YES_AGGRESSIVE;
				CLANG_WARN_UNREACHABLE_CODE = YES;
				CLANG_WARN__DUPLICATE_METHOD_MATCH = YES;
				COPY_PHASE_STRIP = NO;
				DEBUG_INFORMATION_FORMAT = "dwarf-with-dsym";
				ENABLE_NS_ASSERTIONS = NO;
				ENABLE_STRICT_OBJC_MSGSEND = YES;
				ENABLE_USER_SCRIPT_SANDBOXING = YES;
				GCC_C_LANGUAGE_STANDARD = gnu17;
				GCC_NO_COMMON_BLOCKS = YES;
				GCC_WARN_64_TO_32_BIT_CONVERSION = YES;
				GCC_WARN_ABOUT_RETURN_TYPE = YES_ERROR;
				GCC_WARN_UNDECLARED_SELECTOR = YES;
				GCC_WARN_UNINITIALIZED_AUTOS = YES_AGGRESSIVE;
				GCC_WARN_UNUSED_FUNCTION = YES;
				GCC_WARN_UNUSED_VARIABLE = YES;
				IPHONEOS_DEPLOYMENT_TARGET = 13.0;
				LOCALIZATION_PREFERS_STRING_CATALOGS = YES;
				MTL_ENABLE_DEBUG_INFO = NO;
				MTL_FAST_MATH = YES;
				SDKROOT = iphoneos;
				SWIFT_COMPILATION_MODE = wholemodule;
				VALIDATE_PRODUCT = YES;
			};
			name = Release;
		};
		B5DCD1382C5B81D100CA5688 /* Debug */ = {
			isa = XCBuildConfiguration;
			baseConfigurationReference = 338E066120ECCE8216D75A08 /* Pods-AppLinkExample.debug.xcconfig */;
			buildSettings = {
				ASSETCATALOG_COMPILER_APPICON_NAME = AppIcon;
				ASSETCATALOG_COMPILER_GLOBAL_ACCENT_COLOR_NAME = AccentColor;
				CODE_SIGN_STYLE = Automatic;
				CURRENT_PROJECT_VERSION = 1;
				DEVELOPMENT_TEAM = HNWHWD9KZA;
				ENABLE_USER_SCRIPT_SANDBOXING = NO;
				GENERATE_INFOPLIST_FILE = YES;
				INFOPLIST_FILE = AppLinkExample/Info.plist;
				INFOPLIST_KEY_UIApplicationSupportsIndirectInputEvents = YES;
				INFOPLIST_KEY_UILaunchStoryboardName = LaunchScreen;
				INFOPLIST_KEY_UIMainStoryboardFile = Main;
				INFOPLIST_KEY_UISupportedInterfaceOrientations_iPad = "UIInterfaceOrientationPortrait UIInterfaceOrientationPortraitUpsideDown UIInterfaceOrientationLandscapeLeft UIInterfaceOrientationLandscapeRight";
				INFOPLIST_KEY_UISupportedInterfaceOrientations_iPhone = "UIInterfaceOrientationPortrait UIInterfaceOrientationLandscapeLeft UIInterfaceOrientationLandscapeRight";
				IPHONEOS_DEPLOYMENT_TARGET = 13.0;
				LD_RUNPATH_SEARCH_PATHS = (
					"$(inherited)",
					"@executable_path/Frameworks",
				);
				MARKETING_VERSION = 1.0;
				PRODUCT_BUNDLE_IDENTIFIER = co.vlending.applink.example;
				PRODUCT_NAME = "$(TARGET_NAME)";
				SWIFT_EMIT_LOC_STRINGS = YES;
				SWIFT_VERSION = 5.0;
				TARGETED_DEVICE_FAMILY = "1,2";
			};
			name = Debug;
		};
		B5DCD1392C5B81D100CA5688 /* Release */ = {
			isa = XCBuildConfiguration;
			baseConfigurationReference = 9BC941D293E7F68718DA8983 /* Pods-AppLinkExample.release.xcconfig */;
			buildSettings = {
				ASSETCATALOG_COMPILER_APPICON_NAME = AppIcon;
				ASSETCATALOG_COMPILER_GLOBAL_ACCENT_COLOR_NAME = AccentColor;
				CODE_SIGN_STYLE = Automatic;
				CURRENT_PROJECT_VERSION = 1;
				DEVELOPMENT_TEAM = HNWHWD9KZA;
				ENABLE_USER_SCRIPT_SANDBOXING = NO;
				GENERATE_INFOPLIST_FILE = YES;
				INFOPLIST_FILE = AppLinkExample/Info.plist;
				INFOPLIST_KEY_UIApplicationSupportsIndirectInputEvents = YES;
				INFOPLIST_KEY_UILaunchStoryboardName = LaunchScreen;
				INFOPLIST_KEY_UIMainStoryboardFile = Main;
				INFOPLIST_KEY_UISupportedInterfaceOrientations_iPad = "UIInterfaceOrientationPortrait UIInterfaceOrientationPortraitUpsideDown UIInterfaceOrientationLandscapeLeft UIInterfaceOrientationLandscapeRight";
				INFOPLIST_KEY_UISupportedInterfaceOrientations_iPhone = "UIInterfaceOrientationPortrait UIInterfaceOrientationLandscapeLeft UIInterfaceOrientationLandscapeRight";
				IPHONEOS_DEPLOYMENT_TARGET = 13.0;
				LD_RUNPATH_SEARCH_PATHS = (
					"$(inherited)",
					"@executable_path/Frameworks",
				);
				MARKETING_VERSION = 1.0;
				PRODUCT_BUNDLE_IDENTIFIER = co.vlending.applink.example;
				PRODUCT_NAME = "$(TARGET_NAME)";
				SWIFT_EMIT_LOC_STRINGS = YES;
				SWIFT_VERSION = 5.0;
				TARGETED_DEVICE_FAMILY = "1,2";
			};
			name = Release;
		};
/* End XCBuildConfiguration section */

/* Begin XCConfigurationList section */
		B5DCD11E2C5B81CF00CA5688 /* Build configuration list for PBXProject "AppLinkExample" */ = {
			isa = XCConfigurationList;
			buildConfigurations = (
				B5DCD1352C5B81D100CA5688 /* Debug */,
				B5DCD1362C5B81D100CA5688 /* Release */,
			);
			defaultConfigurationIsVisible = 0;
			defaultConfigurationName = Release;
		};
		B5DCD1372C5B81D100CA5688 /* Build configuration list for PBXNativeTarget "AppLinkExample" */ = {
			isa = XCConfigurationList;
			buildConfigurations = (
				B5DCD1382C5B81D100CA5688 /* Debug */,
				B5DCD1392C5B81D100CA5688 /* Release */,
			);
			defaultConfigurationIsVisible = 0;
			defaultConfigurationName = Release;
		};
/* End XCConfigurationList section */
	};
	rootObject = B5DCD11B2C5B81CF00CA5688 /* Project object */;
}
